
Microsoft Visual Studio Solution File, Format Version 12.00
# Visual Studio 15
VisualStudioVersion = 15.0.27703.2042
MinimumVisualStudioVersion = 10.0.40219.1
Project("{FAE04EC0-301F-11D3-BF4B-00C04F79EFBC}") = "AlanDBall_Capitec_Assessment", "AlanDBall_Capitec_Assessment\AlanDBall_Capitec_Assessment.csproj", "{F6034DB5-9B18-4131-8418-FAF935CE340C}"
EndProject
Global
	GlobalSection(SolutionConfigurationPlatforms) = preSolution
		Debug|Any CPU = Debug|Any CPU
		Release|Any CPU = Release|Any CPU
	EndGlobalSection
	GlobalSection(ProjectConfigurationPlatforms) = postSolution
		{F6034DB5-9B18-4131-8418-FAF935CE340C}.Debug|Any CPU.ActiveCfg = Debug|Any CPU
		{F6034DB5-9B18-4131-8418-FAF935CE340C}.Debug|Any CPU.Build.0 = Debug|Any CPU
		{F6034DB5-9B18-4131-8418-FAF935CE340C}.Release|Any CPU.ActiveCfg = Release|Any CPU
		{F6034DB5-9B18-4131-8418-FAF935CE340C}.Release|Any CPU.Build.0 = Release|Any CPU
	EndGlobalSection
	GlobalSection(SolutionProperties) = preSolution
		HideSolutionNode = FALSE
	EndGlobalSection
	GlobalSection(ExtensibilityGlobals) = postSolution
		SolutionGuid = {7E659155-BA1F-4F6F-87F2-B0EEA3D8E699}
	EndGlobalSection
EndGlobal
